
Microsoft Visual Studio Solution File, Format Version 12.00
# Visual Studio Version 17
VisualStudioVersion = 17.8.34309.116
MinimumVisualStudioVersion = 10.0.40219.1
Project("{FAE04EC0-301F-11D3-BF4B-00C04F79EFBC}") = "BlazorCrud", "BlazorCrud\BlazorCrud\BlazorCrud.csproj", "{11370C05-D287-4CF7-AA91-A40754475340}"
EndProject
Project("{FAE04EC0-301F-11D3-BF4B-00C04F79EFBC}") = "BlazorCrud.Client", "BlazorCrud\BlazorCrud.Client\BlazorCrud.Client.csproj", "{BEA0985F-C5F7-4766-A1DB-3F8C3DCE8C4B}"
EndProject
Project("{FAE04EC0-301F-11D3-BF4B-00C04F79EFBC}") = "BlazorCrud.DataAccess", "BlazorCrud.DataAccess\BlazorCrud.DataAccess.csproj", "{CFA7D0B1-5A3C-4E44-9F5B-C7C4B56884C7}"
EndProject
Global
	GlobalSection(SolutionConfigurationPlatforms) = preSolution
		Debug|Any CPU = Debug|Any CPU
		Release|Any CPU = Release|Any CPU
	EndGlobalSection
	GlobalSection(ProjectConfigurationPlatforms) = postSolution
		{11370C05-D287-4CF7-AA91-A40754475340}.Debug|Any CPU.ActiveCfg = Debug|Any CPU
		{11370C05-D287-4CF7-AA91-A40754475340}.Debug|Any CPU.Build.0 = Debug|Any CPU
		{11370C05-D287-4CF7-AA91-A40754475340}.Release|Any CPU.ActiveCfg = Release|Any CPU
		{11370C05-D287-4CF7-AA91-A40754475340}.Release|Any CPU.Build.0 = Release|Any CPU
		{BEA0985F-C5F7-4766-A1DB-3F8C3DCE8C4B}.Debug|Any CPU.ActiveCfg = Debug|Any CPU
		{BEA0985F-C5F7-4766-A1DB-3F8C3DCE8C4B}.Debug|Any CPU.Build.0 = Debug|Any CPU
		{BEA0985F-C5F7-4766-A1DB-3F8C3DCE8C4B}.Release|Any CPU.ActiveCfg = Release|Any CPU
		{BEA0985F-C5F7-4766-A1DB-3F8C3DCE8C4B}.Release|Any CPU.Build.0 = Release|Any CPU
		{CFA7D0B1-5A3C-4E44-9F5B-C7C4B56884C7}.Debug|Any CPU.ActiveCfg = Debug|Any CPU
		{CFA7D0B1-5A3C-4E44-9F5B-C7C4B56884C7}.Debug|Any CPU.Build.0 = Debug|Any CPU
		{CFA7D0B1-5A3C-4E44-9F5B-C7C4B56884C7}.Release|Any CPU.ActiveCfg = Release|Any CPU
		{CFA7D0B1-5A3C-4E44-9F5B-C7C4B56884C7}.Release|Any CPU.Build.0 = Release|Any CPU
	EndGlobalSection
	GlobalSection(SolutionProperties) = preSolution
		HideSolutionNode = FALSE
	EndGlobalSection
	GlobalSection(ExtensibilityGlobals) = postSolution
		SolutionGuid = {7B01E98A-A71E-465C-8A47-BEAB1E8E6766}
	EndGlobalSection
EndGlobal
